
Microsoft Visual Studio Solution File, Format Version 12.00
# Visual Studio 15
VisualStudioVersion = 15.0.26430.6
MinimumVisualStudioVersion = 10.0.40219.1
Project("{FAE04EC0-301F-11D3-BF4B-00C04F79EFBC}") = "C-SharpFrontEnd", "C-SharpFrontEnd\C-SharpFrontEnd.csproj", "{91E8F277-6D6A-441A-B593-64BAEA38D275}"
EndProject
Project("{8BC9CEB8-8B4A-11D0-8D11-00A0C91BC942}") = "CLR_CPP", "CLR_CPP\CLR_CPP.vcxproj", "{121006E4-ED28-468A-A108-223A11835E1D}"
EndProject
Project("{8BC9CEB8-8B4A-11D0-8D11-00A0C91BC942}") = "WIN_32_CPP", "WIN_32_CPP\WIN_32_CPP.vcxproj", "{0D51928F-26AA-49E9-B644-A0266ED0DC14}"
EndProject
Global
	GlobalSection(SolutionConfigurationPlatforms) = preSolution
		Debug|Any CPU = Debug|Any CPU
		Debug|x64 = Debug|x64
		Debug|x86 = Debug|x86
		Release|Any CPU = Release|Any CPU
		Release|x64 = Release|x64
		Release|x86 = Release|x86
	EndGlobalSection
	GlobalSection(ProjectConfigurationPlatforms) = postSolution
		{91E8F277-6D6A-441A-B593-64BAEA38D275}.Debug|Any CPU.ActiveCfg = Debug|Any CPU
		{91E8F277-6D6A-441A-B593-64BAEA38D275}.Debug|Any CPU.Build.0 = Debug|Any CPU
		{91E8F277-6D6A-441A-B593-64BAEA38D275}.Debug|x64.ActiveCfg = Debug|Any CPU
		{91E8F277-6D6A-441A-B593-64BAEA38D275}.Debug|x64.Build.0 = Debug|Any CPU
		{91E8F277-6D6A-441A-B593-64BAEA38D275}.Debug|x86.ActiveCfg = Debug|Any CPU
		{91E8F277-6D6A-441A-B593-64BAEA38D275}.Debug|x86.Build.0 = Debug|Any CPU
		{91E8F277-6D6A-441A-B593-64BAEA38D275}.Release|Any CPU.ActiveCfg = Release|Any CPU
		{91E8F277-6D6A-441A-B593-64BAEA38D275}.Release|Any CPU.Build.0 = Release|Any CPU
		{91E8F277-6D6A-441A-B593-64BAEA38D275}.Release|x64.ActiveCfg = Release|Any CPU
		{91E8F277-6D6A-441A-B593-64BAEA38D275}.Release|x64.Build.0 = Release|Any CPU
		{91E8F277-6D6A-441A-B593-64BAEA38D275}.Release|x86.ActiveCfg = Release|Any CPU
		{91E8F277-6D6A-441A-B593-64BAEA38D275}.Release|x86.Build.0 = Release|Any CPU
		{121006E4-ED28-468A-A108-223A11835E1D}.Debug|Any CPU.ActiveCfg = Debug|Win32
		{121006E4-ED28-468A-A108-223A11835E1D}.Debug|x64.ActiveCfg = Debug|x64
		{121006E4-ED28-468A-A108-223A11835E1D}.Debug|x64.Build.0 = Debug|x64
		{121006E4-ED28-468A-A108-223A11835E1D}.Debug|x86.ActiveCfg = Debug|Win32
		{121006E4-ED28-468A-A108-223A11835E1D}.Debug|x86.Build.0 = Debug|Win32
		{121006E4-ED28-468A-A108-223A11835E1D}.Release|Any CPU.ActiveCfg = Release|Win32
		{121006E4-ED28-468A-A108-223A11835E1D}.Release|x64.ActiveCfg = Release|x64
		{121006E4-ED28-468A-A108-223A11835E1D}.Release|x64.Build.0 = Release|x64
		{121006E4-ED28-468A-A108-223A11835E1D}.Release|x86.ActiveCfg = Release|Win32
		{121006E4-ED28-468A-A108-223A11835E1D}.Release|x86.Build.0 = Release|Win32
		{0D51928F-26AA-49E9-B644-A0266ED0DC14}.Debug|Any CPU.ActiveCfg = Debug|Win32
		{0D51928F-26AA-49E9-B644-A0266ED0DC14}.Debug|x64.ActiveCfg = Debug|x64
		{0D51928F-26AA-49E9-B644-A0266ED0DC14}.Debug|x64.Build.0 = Debug|x64
		{0D51928F-26AA-49E9-B644-A0266ED0DC14}.Debug|x86.ActiveCfg = Debug|Win32
		{0D51928F-26AA-49E9-B644-A0266ED0DC14}.Debug|x86.Build.0 = Debug|Win32
		{0D51928F-26AA-49E9-B644-A0266ED0DC14}.Release|Any CPU.ActiveCfg = Release|Win32
		{0D51928F-26AA-49E9-B644-A0266ED0DC14}.Release|x64.ActiveCfg = Release|x64
		{0D51928F-26AA-49E9-B644-A0266ED0DC14}.Release|x64.Build.0 = Release|x64
		{0D51928F-26AA-49E9-B644-A0266ED0DC14}.Release|x86.ActiveCfg = Release|Win32
		{0D51928F-26AA-49E9-B644-A0266ED0DC14}.Release|x86.Build.0 = Release|Win32
	EndGlobalSection
	GlobalSection(SolutionProperties) = preSolution
		HideSolutionNode = FALSE
	EndGlobalSection
EndGlobal
